// !$*UTF8*$!
{
	archiveVersion = 1;
	classes = {
	};
	objectVersion = 56;
	objects = {

/* Begin PBXBuildFile section */
		1A87A5DB2ABF784A0021FF7F /* GraphotoApp.swift in Sources */ = {isa = PBXBuildFile; fileRef = 1A87A5DA2ABF784A0021FF7F /* GraphotoApp.swift */; };
		1A87A5DD2ABF784A0021FF7F /* Persistence.swift in Sources */ = {isa = PBXBuildFile; fileRef = 1A87A5DC2ABF784A0021FF7F /* Persistence.swift */; };
		1A87A5E02ABF784A0021FF7F /* Graphoto.xcdatamodeld in Sources */ = {isa = PBXBuildFile; fileRef = 1A87A5DE2ABF784A0021FF7F /* Graphoto.xcdatamodeld */; };
		1A87A5E22ABF784A0021FF7F /* ContentView.swift in Sources */ = {isa = PBXBuildFile; fileRef = 1A87A5E12ABF784A0021FF7F /* ContentView.swift */; };
		1A87A5E42ABF784B0021FF7F /* Assets.xcassets in Resources */ = {isa = PBXBuildFile; fileRef = 1A87A5E32ABF784B0021FF7F /* Assets.xcassets */; };
		1A87A5E82ABF784B0021FF7F /* Preview Assets.xcassets in Resources */ = {isa = PBXBuildFile; fileRef = 1A87A5E72ABF784B0021FF7F /* Preview Assets.xcassets */; };
		1A87A5EF2ABF78710021FF7F /* MainView.swift in Sources */ = {isa = PBXBuildFile; fileRef = 1A87A5EE2ABF78710021FF7F /* MainView.swift */; };
		1A87A5F12ABF79860021FF7F /* PhotoModel.swift in Sources */ = {isa = PBXBuildFile; fileRef = 1A87A5F02ABF79860021FF7F /* PhotoModel.swift */; };
		1A87A5F52ABF7B680021FF7F /* FilterView.swift in Sources */ = {isa = PBXBuildFile; fileRef = 1A87A5F42ABF7B680021FF7F /* FilterView.swift */; };
		1A87A5F92AC160B20021FF7F /* DebugView.swift in Sources */ = {isa = PBXBuildFile; fileRef = 1A87A5F82AC160B20021FF7F /* DebugView.swift */; };
		1A8FD0232AC6897F002BE7DA /* TcloudPhotoRequestor.swift in Sources */ = {isa = PBXBuildFile; fileRef = 1A8FD0222AC6897F002BE7DA /* TcloudPhotoRequestor.swift */; };
		1A8FD0272AC7793D002BE7DA /* TphotosModel.swift in Sources */ = {isa = PBXBuildFile; fileRef = 1A8FD0262AC7793D002BE7DA /* TphotosModel.swift */; };
		1A8FD0292AC779A4002BE7DA /* ParkBenchTimer.swift in Sources */ = {isa = PBXBuildFile; fileRef = 1A8FD0282AC779A3002BE7DA /* ParkBenchTimer.swift */; };
		1A8FD02B2AC77A1D002BE7DA /* TCity.swift in Sources */ = {isa = PBXBuildFile; fileRef = 1A8FD02A2AC77A1D002BE7DA /* TCity.swift */; };
		1A8FD02D2AC77A76002BE7DA /* PhotoModel23.swift in Sources */ = {isa = PBXBuildFile; fileRef = 1A8FD02C2AC77A76002BE7DA /* PhotoModel23.swift */; };
		1A8FD02F2AC77ADE002BE7DA /* TCityTree.swift in Sources */ = {isa = PBXBuildFile; fileRef = 1A8FD02E2AC77ADE002BE7DA /* TCityTree.swift */; };
		1A8FD0312AC77B2E002BE7DA /* fileUtils.swift in Sources */ = {isa = PBXBuildFile; fileRef = 1A8FD0302AC77B2E002BE7DA /* fileUtils.swift */; };
		1A8FD0332AC78427002BE7DA /* TprogressView.swift in Sources */ = {isa = PBXBuildFile; fileRef = 1A8FD0322AC78427002BE7DA /* TprogressView.swift */; };
		1A8FD0352AC797D3002BE7DA /* Split4x3.txt in Resources */ = {isa = PBXBuildFile; fileRef = 1A8FD0342AC797D3002BE7DA /* Split4x3.txt */; };
		1A8FD0372AC79F54002BE7DA /* LoadPhotosView.swift in Sources */ = {isa = PBXBuildFile; fileRef = 1A8FD0362AC79F54002BE7DA /* LoadPhotosView.swift */; };
		1A8FD0392AC7A19B002BE7DA /* GraphotoView.swift in Sources */ = {isa = PBXBuildFile; fileRef = 1A8FD0382AC7A19B002BE7DA /* GraphotoView.swift */; };
		1A8FD03B2AC7C018002BE7DA /* TphotoFilter.swift in Sources */ = {isa = PBXBuildFile; fileRef = 1A8FD03A2AC7C018002BE7DA /* TphotoFilter.swift */; };
		1A8FD03D2AC7F496002BE7DA /* TestChartView.swift in Sources */ = {isa = PBXBuildFile; fileRef = 1A8FD03C2AC7F496002BE7DA /* TestChartView.swift */; };
		1AF0B3262AC27A6100892AD5 /* dateUtils.swift in Sources */ = {isa = PBXBuildFile; fileRef = 1AF0B3252AC27A6100892AD5 /* dateUtils.swift */; };
		1AF0B3282AC2846700892AD5 /* ChartView.swift in Sources */ = {isa = PBXBuildFile; fileRef = 1AF0B3272AC2846700892AD5 /* ChartView.swift */; };
/* End PBXBuildFile section */

/* Begin PBXFileReference section */
		1A87A5D72ABF784A0021FF7F /* Graphoto.app */ = {isa = PBXFileReference; explicitFileType = wrapper.application; includeInIndex = 0; path = Graphoto.app; sourceTree = BUILT_PRODUCTS_DIR; };
		1A87A5DA2ABF784A0021FF7F /* GraphotoApp.swift */ = {isa = PBXFileReference; lastKnownFileType = sourcecode.swift; path = GraphotoApp.swift; sourceTree = "<group>"; };
		1A87A5DC2ABF784A0021FF7F /* Persistence.swift */ = {isa = PBXFileReference; lastKnownFileType = sourcecode.swift; path = Persistence.swift; sourceTree = "<group>"; };
		1A87A5DF2ABF784A0021FF7F /* Graphoto.xcdatamodel */ = {isa = PBXFileReference; lastKnownFileType = wrapper.xcdatamodel; path = Graphoto.xcdatamodel; sourceTree = "<group>"; };
		1A87A5E12ABF784A0021FF7F /* ContentView.swift */ = {isa = PBXFileReference; lastKnownFileType = sourcecode.swift; path = ContentView.swift; sourceTree = "<group>"; };
		1A87A5E32ABF784B0021FF7F /* Assets.xcassets */ = {isa = PBXFileReference; lastKnownFileType = folder.assetcatalog; path = Assets.xcassets; sourceTree = "<group>"; };
		1A87A5E52ABF784B0021FF7F /* Graphoto.entitlements */ = {isa = PBXFileReference; lastKnownFileType = text.plist.entitlements; path = Graphoto.entitlements; sourceTree = "<group>"; };
		1A87A5E72ABF784B0021FF7F /* Preview Assets.xcassets */ = {isa = PBXFileReference; lastKnownFileType = folder.assetcatalog; path = "Preview Assets.xcassets"; sourceTree = "<group>"; };
		1A87A5EE2ABF78710021FF7F /* MainView.swift */ = {isa = PBXFileReference; lastKnownFileType = sourcecode.swift; path = MainView.swift; sourceTree = "<group>"; };
		1A87A5F02ABF79860021FF7F /* PhotoModel.swift */ = {isa = PBXFileReference; lastKnownFileType = sourcecode.swift; path = PhotoModel.swift; sourceTree = "<group>"; };
		1A87A5F42ABF7B680021FF7F /* FilterView.swift */ = {isa = PBXFileReference; fileEncoding = 4; lastKnownFileType = sourcecode.swift; path = FilterView.swift; sourceTree = "<group>"; };
		1A87A5F82AC160B20021FF7F /* DebugView.swift */ = {isa = PBXFileReference; lastKnownFileType = sourcecode.swift; path = DebugView.swift; sourceTree = "<group>"; };
		1A8FD0222AC6897F002BE7DA /* TcloudPhotoRequestor.swift */ = {isa = PBXFileReference; lastKnownFileType = sourcecode.swift; path = TcloudPhotoRequestor.swift; sourceTree = "<group>"; };
		1A8FD0262AC7793D002BE7DA /* TphotosModel.swift */ = {isa = PBXFileReference; fileEncoding = 4; lastKnownFileType = sourcecode.swift; path = TphotosModel.swift; sourceTree = "<group>"; };
		1A8FD0282AC779A3002BE7DA /* ParkBenchTimer.swift */ = {isa = PBXFileReference; fileEncoding = 4; lastKnownFileType = sourcecode.swift; path = ParkBenchTimer.swift; sourceTree = "<group>"; };
		1A8FD02A2AC77A1D002BE7DA /* TCity.swift */ = {isa = PBXFileReference; fileEncoding = 4; lastKnownFileType = sourcecode.swift; path = TCity.swift; sourceTree = "<group>"; };
		1A8FD02C2AC77A76002BE7DA /* PhotoModel23.swift */ = {isa = PBXFileReference; lastKnownFileType = sourcecode.swift; path = PhotoModel23.swift; sourceTree = "<group>"; };
		1A8FD02E2AC77ADE002BE7DA /* TCityTree.swift */ = {isa = PBXFileReference; fileEncoding = 4; lastKnownFileType = sourcecode.swift; path = TCityTree.swift; sourceTree = "<group>"; };
		1A8FD0302AC77B2E002BE7DA /* fileUtils.swift */ = {isa = PBXFileReference; fileEncoding = 4; lastKnownFileType = sourcecode.swift; path = fileUtils.swift; sourceTree = "<group>"; };
		1A8FD0322AC78427002BE7DA /* TprogressView.swift */ = {isa = PBXFileReference; lastKnownFileType = sourcecode.swift; path = TprogressView.swift; sourceTree = "<group>"; };
		1A8FD0342AC797D3002BE7DA /* Split4x3.txt */ = {isa = PBXFileReference; fileEncoding = 4; lastKnownFileType = text; path = Split4x3.txt; sourceTree = "<group>"; };
		1A8FD0362AC79F54002BE7DA /* LoadPhotosView.swift */ = {isa = PBXFileReference; lastKnownFileType = sourcecode.swift; path = LoadPhotosView.swift; sourceTree = "<group>"; };
		1A8FD0382AC7A19B002BE7DA /* GraphotoView.swift */ = {isa = PBXFileReference; lastKnownFileType = sourcecode.swift; path = GraphotoView.swift; sourceTree = "<group>"; };
		1A8FD03A2AC7C018002BE7DA /* TphotoFilter.swift */ = {isa = PBXFileReference; lastKnownFileType = sourcecode.swift; path = TphotoFilter.swift; sourceTree = "<group>"; };
		1A8FD03C2AC7F496002BE7DA /* TestChartView.swift */ = {isa = PBXFileReference; lastKnownFileType = sourcecode.swift; path = TestChartView.swift; sourceTree = "<group>"; };
		1AF0B3252AC27A6100892AD5 /* dateUtils.swift */ = {isa = PBXFileReference; lastKnownFileType = sourcecode.swift; path = dateUtils.swift; sourceTree = "<group>"; };
		1AF0B3272AC2846700892AD5 /* ChartView.swift */ = {isa = PBXFileReference; lastKnownFileType = sourcecode.swift; path = ChartView.swift; sourceTree = "<group>"; };
/* End PBXFileReference section */

/* Begin PBXFrameworksBuildPhase section */
		1A87A5D42ABF784A0021FF7F /* Frameworks */ = {
			isa = PBXFrameworksBuildPhase;
			buildActionMask = 2147483647;
			files = (
			);
			runOnlyForDeploymentPostprocessing = 0;
		};
/* End PBXFrameworksBuildPhase section */

/* Begin PBXGroup section */
		1A87A5CE2ABF784A0021FF7F = {
			isa = PBXGroup;
			children = (
				1A87A5D92ABF784A0021FF7F /* Graphoto */,
				1A87A5D82ABF784A0021FF7F /* Products */,
			);
			sourceTree = "<group>";
		};
		1A87A5D82ABF784A0021FF7F /* Products */ = {
			isa = PBXGroup;
			children = (
				1A87A5D72ABF784A0021FF7F /* Graphoto.app */,
			);
			name = Products;
			sourceTree = "<group>";
		};
		1A87A5D92ABF784A0021FF7F /* Graphoto */ = {
			isa = PBXGroup;
			children = (
				1A87A5DA2ABF784A0021FF7F /* GraphotoApp.swift */,
				1A87A5EE2ABF78710021FF7F /* MainView.swift */,
				1A8FD0382AC7A19B002BE7DA /* GraphotoView.swift */,
				1A87A5F42ABF7B680021FF7F /* FilterView.swift */,
				1AF0B3272AC2846700892AD5 /* ChartView.swift */,
				1A8FD03C2AC7F496002BE7DA /* TestChartView.swift */,
				1A8FD0362AC79F54002BE7DA /* LoadPhotosView.swift */,
				1A8FD0322AC78427002BE7DA /* TprogressView.swift */,
				1A87A5F82AC160B20021FF7F /* DebugView.swift */,
				1A87A5F02ABF79860021FF7F /* PhotoModel.swift */,
				1A8FD02C2AC77A76002BE7DA /* PhotoModel23.swift */,
				1A8FD03A2AC7C018002BE7DA /* TphotoFilter.swift */,
				1A8FD0262AC7793D002BE7DA /* TphotosModel.swift */,
				1A8FD0222AC6897F002BE7DA /* TcloudPhotoRequestor.swift */,
				1A8FD0282AC779A3002BE7DA /* ParkBenchTimer.swift */,
				1A8FD02A2AC77A1D002BE7DA /* TCity.swift */,
				1A8FD02E2AC77ADE002BE7DA /* TCityTree.swift */,
				1A8FD0302AC77B2E002BE7DA /* fileUtils.swift */,
				1AF0B3252AC27A6100892AD5 /* dateUtils.swift */,
				1A87A5E12ABF784A0021FF7F /* ContentView.swift */,
				1A87A5DC2ABF784A0021FF7F /* Persistence.swift */,
				1A87A5E32ABF784B0021FF7F /* Assets.xcassets */,
				1A8FD0342AC797D3002BE7DA /* Split4x3.txt */,
				1A87A5E52ABF784B0021FF7F /* Graphoto.entitlements */,
				1A87A5DE2ABF784A0021FF7F /* Graphoto.xcdatamodeld */,
				1A87A5E62ABF784B0021FF7F /* Preview Content */,
			);
			path = Graphoto;
			sourceTree = "<group>";
		};
		1A87A5E62ABF784B0021FF7F /* Preview Content */ = {
			isa = PBXGroup;
			children = (
				1A87A5E72ABF784B0021FF7F /* Preview Assets.xcassets */,
			);
			path = "Preview Content";
			sourceTree = "<group>";
		};
/* End PBXGroup section */

/* Begin PBXNativeTarget section */
		1A87A5D62ABF784A0021FF7F /* Graphoto */ = {
			isa = PBXNativeTarget;
			buildConfigurationList = 1A87A5EB2ABF784B0021FF7F /* Build configuration list for PBXNativeTarget "Graphoto" */;
			buildPhases = (
				1A87A5D32ABF784A0021FF7F /* Sources */,
				1A87A5D42ABF784A0021FF7F /* Frameworks */,
				1A87A5D52ABF784A0021FF7F /* Resources */,
			);
			buildRules = (
			);
			dependencies = (
			);
			name = Graphoto;
			productName = Graphoto;
			productReference = 1A87A5D72ABF784A0021FF7F /* Graphoto.app */;
			productType = "com.apple.product-type.application";
		};
/* End PBXNativeTarget section */

/* Begin PBXProject section */
		1A87A5CF2ABF784A0021FF7F /* Project object */ = {
			isa = PBXProject;
			attributes = {
				BuildIndependentTargetsInParallel = 1;
				LastSwiftUpdateCheck = 1430;
				LastUpgradeCheck = 1430;
				TargetAttributes = {
					1A87A5D62ABF784A0021FF7F = {
						CreatedOnToolsVersion = 14.3.1;
					};
				};
			};
			buildConfigurationList = 1A87A5D22ABF784A0021FF7F /* Build configuration list for PBXProject "Graphoto" */;
			compatibilityVersion = "Xcode 14.0";
			developmentRegion = en;
			hasScannedForEncodings = 0;
			knownRegions = (
				en,
				Base,
			);
			mainGroup = 1A87A5CE2ABF784A0021FF7F;
			productRefGroup = 1A87A5D82ABF784A0021FF7F /* Products */;
			projectDirPath = "";
			projectRoot = "";
			targets = (
				1A87A5D62ABF784A0021FF7F /* Graphoto */,
			);
		};
/* End PBXProject section */

/* Begin PBXResourcesBuildPhase section */
		1A87A5D52ABF784A0021FF7F /* Resources */ = {
			isa = PBXResourcesBuildPhase;
			buildActionMask = 2147483647;
			files = (
				1A87A5E82ABF784B0021FF7F /* Preview Assets.xcassets in Resources */,
				1A8FD0352AC797D3002BE7DA /* Split4x3.txt in Resources */,
				1A87A5E42ABF784B0021FF7F /* Assets.xcassets in Resources */,
			);
			runOnlyForDeploymentPostprocessing = 0;
		};
/* End PBXResourcesBuildPhase section */

/* Begin PBXSourcesBuildPhase section */
		1A87A5D32ABF784A0021FF7F /* Sources */ = {
			isa = PBXSourcesBuildPhase;
			buildActionMask = 2147483647;
			files = (
				1A87A5F52ABF7B680021FF7F /* FilterView.swift in Sources */,
				1A87A5F12ABF79860021FF7F /* PhotoModel.swift in Sources */,
				1A87A5E02ABF784A0021FF7F /* Graphoto.xcdatamodeld in Sources */,
				1A8FD03B2AC7C018002BE7DA /* TphotoFilter.swift in Sources */,
				1A8FD0312AC77B2E002BE7DA /* fileUtils.swift in Sources */,
				1AF0B3282AC2846700892AD5 /* ChartView.swift in Sources */,
				1A87A5DB2ABF784A0021FF7F /* GraphotoApp.swift in Sources */,
				1A8FD0272AC7793D002BE7DA /* TphotosModel.swift in Sources */,
				1A87A5F92AC160B20021FF7F /* DebugView.swift in Sources */,
				1A8FD0392AC7A19B002BE7DA /* GraphotoView.swift in Sources */,
				1AF0B3262AC27A6100892AD5 /* dateUtils.swift in Sources */,
				1A87A5E22ABF784A0021FF7F /* ContentView.swift in Sources */,
				1A8FD03D2AC7F496002BE7DA /* TestChartView.swift in Sources */,
				1A8FD0292AC779A4002BE7DA /* ParkBenchTimer.swift in Sources */,
				1A8FD02F2AC77ADE002BE7DA /* TCityTree.swift in Sources */,
				1A87A5EF2ABF78710021FF7F /* MainView.swift in Sources */,
				1A87A5DD2ABF784A0021FF7F /* Persistence.swift in Sources */,
				1A8FD0372AC79F54002BE7DA /* LoadPhotosView.swift in Sources */,
				1A8FD02D2AC77A76002BE7DA /* PhotoModel23.swift in Sources */,
				1A8FD0332AC78427002BE7DA /* TprogressView.swift in Sources */,
				1A8FD02B2AC77A1D002BE7DA /* TCity.swift in Sources */,
				1A8FD0232AC6897F002BE7DA /* TcloudPhotoRequestor.swift in Sources */,
			);
			runOnlyForDeploymentPostprocessing = 0;
		};
/* End PBXSourcesBuildPhase section */

/* Begin XCBuildConfiguration section */
		1A87A5E92ABF784B0021FF7F /* Debug */ = {
			isa = XCBuildConfiguration;
			buildSettings = {
				ALWAYS_SEARCH_USER_PATHS = NO;
				CLANG_ANALYZER_NONNULL = YES;
				CLANG_ANALYZER_NUMBER_OBJECT_CONVERSION = YES_AGGRESSIVE;
				CLANG_CXX_LANGUAGE_STANDARD = "gnu++20";
				CLANG_ENABLE_MODULES = YES;
				CLANG_ENABLE_OBJC_ARC = YES;
				CLANG_ENABLE_OBJC_WEAK = YES;
				CLANG_WARN_BLOCK_CAPTURE_AUTORELEASING = YES;
				CLANG_WARN_BOOL_CONVERSION = YES;
				CLANG_WARN_COMMA = YES;
				CLANG_WARN_CONSTANT_CONVERSION = YES;
				CLANG_WARN_DEPRECATED_OBJC_IMPLEMENTATIONS = YES;
				CLANG_WARN_DIRECT_OBJC_ISA_USAGE = YES_ERROR;
				CLANG_WARN_DOCUMENTATION_COMMENTS = YES;
				CLANG_WARN_EMPTY_BODY = YES;
				CLANG_WARN_ENUM_CONVERSION = YES;
				CLANG_WARN_INFINITE_RECURSION = YES;
				CLANG_WARN_INT_CONVERSION = YES;
				CLANG_WARN_NON_LITERAL_NULL_CONVERSION = YES;
				CLANG_WARN_OBJC_IMPLICIT_RETAIN_SELF = YES;
				CLANG_WARN_OBJC_LITERAL_CONVERSION = YES;
				CLANG_WARN_OBJC_ROOT_CLASS = YES_ERROR;
				CLANG_WARN_QUOTED_INCLUDE_IN_FRAMEWORK_HEADER = YES;
				CLANG_WARN_RANGE_LOOP_ANALYSIS = YES;
				CLANG_WARN_STRICT_PROTOTYPES = YES;
				CLANG_WARN_SUSPICIOUS_MOVE = YES;
				CLANG_WARN_UNGUARDED_AVAILABILITY = YES_AGGRESSIVE;
				CLANG_WARN_UNREACHABLE_CODE = YES;
				CLANG_WARN__DUPLICATE_METHOD_MATCH = YES;
				COPY_PHASE_STRIP = NO;
				DEBUG_INFORMATION_FORMAT = dwarf;
				ENABLE_STRICT_OBJC_MSGSEND = YES;
				ENABLE_TESTABILITY = YES;
				GCC_C_LANGUAGE_STANDARD = gnu11;
				GCC_DYNAMIC_NO_PIC = NO;
				GCC_NO_COMMON_BLOCKS = YES;
				GCC_OPTIMIZATION_LEVEL = 0;
				GCC_PREPROCESSOR_DEFINITIONS = (
					"DEBUG=1",
					"$(inherited)",
				);
				GCC_WARN_64_TO_32_BIT_CONVERSION = YES;
				GCC_WARN_ABOUT_RETURN_TYPE = YES_ERROR;
				GCC_WARN_UNDECLARED_SELECTOR = YES;
				GCC_WARN_UNINITIALIZED_AUTOS = YES_AGGRESSIVE;
				GCC_WARN_UNUSED_FUNCTION = YES;
				GCC_WARN_UNUSED_VARIABLE = YES;
				MTL_ENABLE_DEBUG_INFO = INCLUDE_SOURCE;
				MTL_FAST_MATH = YES;
				ONLY_ACTIVE_ARCH = YES;
				SWIFT_ACTIVE_COMPILATION_CONDITIONS = DEBUG;
				SWIFT_OPTIMIZATION_LEVEL = "-Onone";
			};
			name = Debug;
		};
		1A87A5EA2ABF784B0021FF7F /* Release */ = {
			isa = XCBuildConfiguration;
			buildSettings = {
				ALWAYS_SEARCH_USER_PATHS = NO;
				CLANG_ANALYZER_NONNULL = YES;
				CLANG_ANALYZER_NUMBER_OBJECT_CONVERSION = YES_AGGRESSIVE;
				CLANG_CXX_LANGUAGE_STANDARD = "gnu++20";
				CLANG_ENABLE_MODULES = YES;
				CLANG_ENABLE_OBJC_ARC = YES;
				CLANG_ENABLE_OBJC_WEAK = YES;
				CLANG_WARN_BLOCK_CAPTURE_AUTORELEASING = YES;
				CLANG_WARN_BOOL_CONVERSION = YES;
				CLANG_WARN_COMMA = YES;
				CLANG_WARN_CONSTANT_CONVERSION = YES;
				CLANG_WARN_DEPRECATED_OBJC_IMPLEMENTATIONS = YES;
				CLANG_WARN_DIRECT_OBJC_ISA_USAGE = YES_ERROR;
				CLANG_WARN_DOCUMENTATION_COMMENTS = YES;
				CLANG_WARN_EMPTY_BODY = YES;
				CLANG_WARN_ENUM_CONVERSION = YES;
				CLANG_WARN_INFINITE_RECURSION = YES;
				CLANG_WARN_INT_CONVERSION = YES;
				CLANG_WARN_NON_LITERAL_NULL_CONVERSION = YES;
				CLANG_WARN_OBJC_IMPLICIT_RETAIN_SELF = YES;
				CLANG_WARN_OBJC_LITERAL_CONVERSION = YES;
				CLANG_WARN_OBJC_ROOT_CLASS = YES_ERROR;
				CLANG_WARN_QUOTED_INCLUDE_IN_FRAMEWORK_HEADER = YES;
				CLANG_WARN_RANGE_LOOP_ANALYSIS = YES;
				CLANG_WARN_STRICT_PROTOTYPES = YES;
				CLANG_WARN_SUSPICIOUS_MOVE = YES;
				CLANG_WARN_UNGUARDED_AVAILABILITY = YES_AGGRESSIVE;
				CLANG_WARN_UNREACHABLE_CODE = YES;
				CLANG_WARN__DUPLICATE_METHOD_MATCH = YES;
				COPY_PHASE_STRIP = NO;
				DEBUG_INFORMATION_FORMAT = "dwarf-with-dsym";
				ENABLE_NS_ASSERTIONS = NO;
				ENABLE_STRICT_OBJC_MSGSEND = YES;
				GCC_C_LANGUAGE_STANDARD = gnu11;
				GCC_NO_COMMON_BLOCKS = YES;
				GCC_WARN_64_TO_32_BIT_CONVERSION = YES;
				GCC_WARN_ABOUT_RETURN_TYPE = YES_ERROR;
				GCC_WARN_UNDECLARED_SELECTOR = YES;
				GCC_WARN_UNINITIALIZED_AUTOS = YES_AGGRESSIVE;
				GCC_WARN_UNUSED_FUNCTION = YES;
				GCC_WARN_UNUSED_VARIABLE = YES;
				MTL_ENABLE_DEBUG_INFO = NO;
				MTL_FAST_MATH = YES;
				SWIFT_COMPILATION_MODE = wholemodule;
				SWIFT_OPTIMIZATION_LEVEL = "-O";
			};
			name = Release;
		};
		1A87A5EC2ABF784B0021FF7F /* Debug */ = {
			isa = XCBuildConfiguration;
			buildSettings = {
				ASSETCATALOG_COMPILER_APPICON_NAME = AppIcon;
				ASSETCATALOG_COMPILER_GLOBAL_ACCENT_COLOR_NAME = AccentColor;
				CODE_SIGN_ENTITLEMENTS = Graphoto/Graphoto.entitlements;
				CODE_SIGN_STYLE = Automatic;
				CURRENT_PROJECT_VERSION = 1;
				DEVELOPMENT_ASSET_PATHS = "\"Graphoto/Preview Content\"";
				DEVELOPMENT_TEAM = E7YU72EQTF;
				ENABLE_HARDENED_RUNTIME = YES;
				"ENABLE_HARDENED_RUNTIME[sdk=macosx*]" = YES;
				ENABLE_PREVIEWS = YES;
				GENERATE_INFOPLIST_FILE = YES;
				INFOPLIST_KEY_NSPhotoLibraryUsageDescription = "Access photos to gather data to show you statistics and patterns.";
				"INFOPLIST_KEY_UIApplicationSceneManifest_Generation[sdk=iphoneos*]" = YES;
				"INFOPLIST_KEY_UIApplicationSceneManifest_Generation[sdk=iphonesimulator*]" = YES;
				"INFOPLIST_KEY_UIApplicationSupportsIndirectInputEvents[sdk=iphoneos*]" = YES;
				"INFOPLIST_KEY_UIApplicationSupportsIndirectInputEvents[sdk=iphonesimulator*]" = YES;
				"INFOPLIST_KEY_UILaunchScreen_Generation[sdk=iphoneos*]" = YES;
				"INFOPLIST_KEY_UILaunchScreen_Generation[sdk=iphonesimulator*]" = YES;
				"INFOPLIST_KEY_UIStatusBarStyle[sdk=iphoneos*]" = UIStatusBarStyleDefault;
				"INFOPLIST_KEY_UIStatusBarStyle[sdk=iphonesimulator*]" = UIStatusBarStyleDefault;
				INFOPLIST_KEY_UISupportedInterfaceOrientations_iPad = "UIInterfaceOrientationPortrait UIInterfaceOrientationPortraitUpsideDown UIInterfaceOrientationLandscapeLeft UIInterfaceOrientationLandscapeRight";
				INFOPLIST_KEY_UISupportedInterfaceOrientations_iPhone = "UIInterfaceOrientationPortrait UIInterfaceOrientationLandscapeLeft UIInterfaceOrientationLandscapeRight";
				IPHONEOS_DEPLOYMENT_TARGET = 16.4;
				LD_RUNPATH_SEARCH_PATHS = "@executable_path/Frameworks";
				"LD_RUNPATH_SEARCH_PATHS[sdk=macosx*]" = "@executable_path/../Frameworks";
				MACOSX_DEPLOYMENT_TARGET = 13.3;
				MARKETING_VERSION = 1.0;
				PRODUCT_BUNDLE_IDENTIFIER = com.Sanjay.grafoto.Graphoto;
				PRODUCT_NAME = "$(TARGET_NAME)";
				SDKROOT = auto;
				SUPPORTED_PLATFORMS = "iphoneos iphonesimulator macosx";
				SWIFT_EMIT_LOC_STRINGS = YES;
				SWIFT_VERSION = 5.0;
				TARGETED_DEVICE_FAMILY = "1,2";
			};
			name = Debug;
		};
		1A87A5ED2ABF784B0021FF7F /* Release */ = {
			isa = XCBuildConfiguration;
			buildSettings = {
				ASSETCATALOG_COMPILER_APPICON_NAME = AppIcon;
				ASSETCATALOG_COMPILER_GLOBAL_ACCENT_COLOR_NAME = AccentColor;
				CODE_SIGN_ENTITLEMENTS = Graphoto/Graphoto.entitlements;
				CODE_SIGN_STYLE = Automatic;
				CURRENT_PROJECT_VERSION = 1;
				DEVELOPMENT_ASSET_PATHS = "\"Graphoto/Preview Content\"";
				DEVELOPMENT_TEAM = E7YU72EQTF;
				ENABLE_HARDENED_RUNTIME = YES;
				"ENABLE_HARDENED_RUNTIME[sdk=macosx*]" = YES;
				ENABLE_PREVIEWS = YES;
				GENERATE_INFOPLIST_FILE = YES;
				INFOPLIST_KEY_NSPhotoLibraryUsageDescription = "Access photos to gather data to show you statistics and patterns.";
				"INFOPLIST_KEY_UIApplicationSceneManifest_Generation[sdk=iphoneos*]" = YES;
				"INFOPLIST_KEY_UIApplicationSceneManifest_Generation[sdk=iphonesimulator*]" = YES;
				"INFOPLIST_KEY_UIApplicationSupportsIndirectInputEvents[sdk=iphoneos*]" = YES;
				"INFOPLIST_KEY_UIApplicationSupportsIndirectInputEvents[sdk=iphonesimulator*]" = YES;
				"INFOPLIST_KEY_UILaunchScreen_Generation[sdk=iphoneos*]" = YES;
				"INFOPLIST_KEY_UILaunchScreen_Generation[sdk=iphonesimulator*]" = YES;
				"INFOPLIST_KEY_UIStatusBarStyle[sdk=iphoneos*]" = UIStatusBarStyleDefault;
				"INFOPLIST_KEY_UIStatusBarStyle[sdk=iphonesimulator*]" = UIStatusBarStyleDefault;
				INFOPLIST_KEY_UISupportedInterfaceOrientations_iPad = "UIInterfaceOrientationPortrait UIInterfaceOrientationPortraitUpsideDown UIInterfaceOrientationLandscapeLeft UIInterfaceOrientationLandscapeRight";
				INFOPLIST_KEY_UISupportedInterfaceOrientations_iPhone = "UIInterfaceOrientationPortrait UIInterfaceOrientationLandscapeLeft UIInterfaceOrientationLandscapeRight";
				IPHONEOS_DEPLOYMENT_TARGET = 16.4;
				LD_RUNPATH_SEARCH_PATHS = "@executable_path/Frameworks";
				"LD_RUNPATH_SEARCH_PATHS[sdk=macosx*]" = "@executable_path/../Frameworks";
				MACOSX_DEPLOYMENT_TARGET = 13.3;
				MARKETING_VERSION = 1.0;
				PRODUCT_BUNDLE_IDENTIFIER = com.Sanjay.grafoto.Graphoto;
				PRODUCT_NAME = "$(TARGET_NAME)";
				SDKROOT = auto;
				SUPPORTED_PLATFORMS = "iphoneos iphonesimulator macosx";
				SWIFT_EMIT_LOC_STRINGS = YES;
				SWIFT_VERSION = 5.0;
				TARGETED_DEVICE_FAMILY = "1,2";
			};
			name = Release;
		};
/* End XCBuildConfiguration section */

/* Begin XCConfigurationList section */
		1A87A5D22ABF784A0021FF7F /* Build configuration list for PBXProject "Graphoto" */ = {
			isa = XCConfigurationList;
			buildConfigurations = (
				1A87A5E92ABF784B0021FF7F /* Debug */,
				1A87A5EA2ABF784B0021FF7F /* Release */,
			);
			defaultConfigurationIsVisible = 0;
			defaultConfigurationName = Release;
		};
		1A87A5EB2ABF784B0021FF7F /* Build configuration list for PBXNativeTarget "Graphoto" */ = {
			isa = XCConfigurationList;
			buildConfigurations = (
				1A87A5EC2ABF784B0021FF7F /* Debug */,
				1A87A5ED2ABF784B0021FF7F /* Release */,
			);
			defaultConfigurationIsVisible = 0;
			defaultConfigurationName = Release;
		};
/* End XCConfigurationList section */

/* Begin XCVersionGroup section */
		1A87A5DE2ABF784A0021FF7F /* Graphoto.xcdatamodeld */ = {
			isa = XCVersionGroup;
			children = (
				1A87A5DF2ABF784A0021FF7F /* Graphoto.xcdatamodel */,
			);
			currentVersion = 1A87A5DF2ABF784A0021FF7F /* Graphoto.xcdatamodel */;
			path = Graphoto.xcdatamodeld;
			sourceTree = "<group>";
			versionGroupType = wrapper.xcdatamodel;
		};
/* End XCVersionGroup section */
	};
	rootObject = 1A87A5CF2ABF784A0021FF7F /* Project object */;
}
